// !$*UTF8*$!
{
	archiveVersion = 1;
	classes = {
	};
	objectVersion = 50;
	objects = {

/* Begin PBXBuildFile section */
		F17B60C521AE35A9008E4CF3 /* WXZDeviceInfoManager.m in Sources */ = {isa = PBXBuildFile; fileRef = F17B60A921AE35A9008E4CF3 /* WXZDeviceInfoManager.m */; };
		F17B60C621AE35A9008E4CF3 /* WXZCheck.m in Sources */ = {isa = PBXBuildFile; fileRef = F17B60AB21AE35A9008E4CF3 /* WXZCheck.m */; };
		F17B60C721AE35A9008E4CF3 /* WXZGCD.m in Sources */ = {isa = PBXBuildFile; fileRef = F17B60AD21AE35A9008E4CF3 /* WXZGCD.m */; };
		F17B60C821AE35A9008E4CF3 /* WXZTimer.m in Sources */ = {isa = PBXBuildFile; fileRef = F17B60AE21AE35A9008E4CF3 /* WXZTimer.m */; };
		F17B60C921AE35A9008E4CF3 /* WXZUtil.m in Sources */ = {isa = PBXBuildFile; fileRef = F17B60B021AE35A9008E4CF3 /* WXZUtil.m */; };
		F17B60CA21AE35A9008E4CF3 /* UIView+Exts.m in Sources */ = {isa = PBXBuildFile; fileRef = F17B60BB21AE35A9008E4CF3 /* UIView+Exts.m */; };
		F17B60CB21AE35A9008E4CF3 /* NSString+Exts.m in Sources */ = {isa = PBXBuildFile; fileRef = F17B60BE21AE35A9008E4CF3 /* NSString+Exts.m */; };
		F17B60CC21AE35A9008E4CF3 /* NSArray+Exts.m in Sources */ = {isa = PBXBuildFile; fileRef = F17B60BF21AE35A9008E4CF3 /* NSArray+Exts.m */; };
		F17B60CD21AE35A9008E4CF3 /* NSDictionary+Exts.m in Sources */ = {isa = PBXBuildFile; fileRef = F17B60C121AE35A9008E4CF3 /* NSDictionary+Exts.m */; };
		F17B60CE21AE35A9008E4CF3 /* WXZUIAlertController+Blocks.m in Sources */ = {isa = PBXBuildFile; fileRef = F17B60C321AE35A9008E4CF3 /* WXZUIAlertController+Blocks.m */; };
/* End PBXBuildFile section */

/* Begin PBXContainerItemProxy section */
		F1E3F29C212560C600205749 /* PBXContainerItemProxy */ = {
			isa = PBXContainerItemProxy;
			containerPortal = F1E3F27B212560C500205749 /* Project object */;
			proxyType = 1;
			remoteGlobalIDString = F1E3F282212560C500205749;
			remoteInfo = BaseProject;
		};
		F1E3F2A7212560C600205749 /* PBXContainerItemProxy */ = {
			isa = PBXContainerItemProxy;
			containerPortal = F1E3F27B212560C500205749 /* Project object */;
			proxyType = 1;
			remoteGlobalIDString = F1E3F282212560C500205749;
			remoteInfo = BaseProject;
		};
/* End PBXContainerItemProxy section */

/* Begin PBXFileReference section */
		F17B60A921AE35A9008E4CF3 /* WXZDeviceInfoManager.m */ = {isa = PBXFileReference; fileEncoding = 4; lastKnownFileType = sourcecode.c.objc; path = WXZDeviceInfoManager.m; sourceTree = "<group>"; };
		F17B60AA21AE35A9008E4CF3 /* WXZToolsHeader.h */ = {isa = PBXFileReference; fileEncoding = 4; lastKnownFileType = sourcecode.c.h; path = WXZToolsHeader.h; sourceTree = "<group>"; };
		F17B60AB21AE35A9008E4CF3 /* WXZCheck.m */ = {isa = PBXFileReference; fileEncoding = 4; lastKnownFileType = sourcecode.c.objc; path = WXZCheck.m; sourceTree = "<group>"; };
		F17B60AC21AE35A9008E4CF3 /* WXZSingle.h */ = {isa = PBXFileReference; fileEncoding = 4; lastKnownFileType = sourcecode.c.h; path = WXZSingle.h; sourceTree = "<group>"; };
		F17B60AD21AE35A9008E4CF3 /* WXZGCD.m */ = {isa = PBXFileReference; fileEncoding = 4; lastKnownFileType = sourcecode.c.objc; path = WXZGCD.m; sourceTree = "<group>"; };
		F17B60AE21AE35A9008E4CF3 /* WXZTimer.m */ = {isa = PBXFileReference; fileEncoding = 4; lastKnownFileType = sourcecode.c.objc; path = WXZTimer.m; sourceTree = "<group>"; };
		F17B60AF21AE35A9008E4CF3 /* WXZOtherDefine.h */ = {isa = PBXFileReference; fileEncoding = 4; lastKnownFileType = sourcecode.c.h; path = WXZOtherDefine.h; sourceTree = "<group>"; };
		F17B60B021AE35A9008E4CF3 /* WXZUtil.m */ = {isa = PBXFileReference; fileEncoding = 4; lastKnownFileType = sourcecode.c.objc; path = WXZUtil.m; sourceTree = "<group>"; };
		F17B60B121AE35A9008E4CF3 /* WXZDeviceInfoManager.h */ = {isa = PBXFileReference; fileEncoding = 4; lastKnownFileType = sourcecode.c.h; path = WXZDeviceInfoManager.h; sourceTree = "<group>"; };
		F17B60B221AE35A9008E4CF3 /* WXZProperty.h */ = {isa = PBXFileReference; fileEncoding = 4; lastKnownFileType = sourcecode.c.h; path = WXZProperty.h; sourceTree = "<group>"; };
		F17B60B321AE35A9008E4CF3 /* WXZMessyDefine.h */ = {isa = PBXFileReference; fileEncoding = 4; lastKnownFileType = sourcecode.c.h; path = WXZMessyDefine.h; sourceTree = "<group>"; };
		F17B60B421AE35A9008E4CF3 /* WXZCheck.h */ = {isa = PBXFileReference; fileEncoding = 4; lastKnownFileType = sourcecode.c.h; path = WXZCheck.h; sourceTree = "<group>"; };
		F17B60B521AE35A9008E4CF3 /* WXZUtil.h */ = {isa = PBXFileReference; fileEncoding = 4; lastKnownFileType = sourcecode.c.h; path = WXZUtil.h; sourceTree = "<group>"; };
		F17B60B621AE35A9008E4CF3 /* WXZTimer.h */ = {isa = PBXFileReference; fileEncoding = 4; lastKnownFileType = sourcecode.c.h; path = WXZTimer.h; sourceTree = "<group>"; };
		F17B60B721AE35A9008E4CF3 /* WXZGCD.h */ = {isa = PBXFileReference; fileEncoding = 4; lastKnownFileType = sourcecode.c.h; path = WXZGCD.h; sourceTree = "<group>"; };
		F17B60B921AE35A9008E4CF3 /* NSArray+Exts.h */ = {isa = PBXFileReference; fileEncoding = 4; lastKnownFileType = sourcecode.c.h; path = "NSArray+Exts.h"; sourceTree = "<group>"; };
		F17B60BA21AE35A9008E4CF3 /* NSDictionary+Exts.h */ = {isa = PBXFileReference; fileEncoding = 4; lastKnownFileType = sourcecode.c.h; path = "NSDictionary+Exts.h"; sourceTree = "<group>"; };
		F17B60BB21AE35A9008E4CF3 /* UIView+Exts.m */ = {isa = PBXFileReference; fileEncoding = 4; lastKnownFileType = sourcecode.c.objc; path = "UIView+Exts.m"; sourceTree = "<group>"; };
		F17B60BC21AE35A9008E4CF3 /* WXZCategoryHeader.h */ = {isa = PBXFileReference; fileEncoding = 4; lastKnownFileType = sourcecode.c.h; path = WXZCategoryHeader.h; sourceTree = "<group>"; };
		F17B60BD21AE35A9008E4CF3 /* WXZUIAlertController+Blocks.h */ = {isa = PBXFileReference; fileEncoding = 4; lastKnownFileType = sourcecode.c.h; path = "WXZUIAlertController+Blocks.h"; sourceTree = "<group>"; };
		F17B60BE21AE35A9008E4CF3 /* NSString+Exts.m */ = {isa = PBXFileReference; fileEncoding = 4; lastKnownFileType = sourcecode.c.objc; path = "NSString+Exts.m"; sourceTree = "<group>"; };
		F17B60BF21AE35A9008E4CF3 /* NSArray+Exts.m */ = {isa = PBXFileReference; fileEncoding = 4; lastKnownFileType = sourcecode.c.objc; path = "NSArray+Exts.m"; sourceTree = "<group>"; };
		F17B60C021AE35A9008E4CF3 /* UIView+Exts.h */ = {isa = PBXFileReference; fileEncoding = 4; lastKnownFileType = sourcecode.c.h; path = "UIView+Exts.h"; sourceTree = "<group>"; };
		F17B60C121AE35A9008E4CF3 /* NSDictionary+Exts.m */ = {isa = PBXFileReference; fileEncoding = 4; lastKnownFileType = sourcecode.c.objc; path = "NSDictionary+Exts.m"; sourceTree = "<group>"; };
		F17B60C221AE35A9008E4CF3 /* NSString+Exts.h */ = {isa = PBXFileReference; fileEncoding = 4; lastKnownFileType = sourcecode.c.h; path = "NSString+Exts.h"; sourceTree = "<group>"; };
		F17B60C321AE35A9008E4CF3 /* WXZUIAlertController+Blocks.m */ = {isa = PBXFileReference; fileEncoding = 4; lastKnownFileType = sourcecode.c.objc; path = "WXZUIAlertController+Blocks.m"; sourceTree = "<group>"; };
		F17B60C421AE35A9008E4CF3 /* WXZImportHeader.h */ = {isa = PBXFileReference; fileEncoding = 4; lastKnownFileType = sourcecode.c.h; path = WXZImportHeader.h; sourceTree = "<group>"; };
		F1E3F283212560C500205749 /* BaseProject.app */ = {isa = PBXFileReference; explicitFileType = wrapper.application; includeInIndex = 0; path = BaseProject.app; sourceTree = BUILT_PRODUCTS_DIR; };
		F1E3F29B212560C600205749 /* BaseProjectTests.xctest */ = {isa = PBXFileReference; explicitFileType = wrapper.cfbundle; includeInIndex = 0; path = BaseProjectTests.xctest; sourceTree = BUILT_PRODUCTS_DIR; };
		F1E3F2A6212560C600205749 /* BaseProjectUITests.xctest */ = {isa = PBXFileReference; explicitFileType = wrapper.cfbundle; includeInIndex = 0; path = BaseProjectUITests.xctest; sourceTree = BUILT_PRODUCTS_DIR; };
/* End PBXFileReference section */

/* Begin PBXFrameworksBuildPhase section */
		F1E3F280212560C500205749 /* Frameworks */ = {
			isa = PBXFrameworksBuildPhase;
			buildActionMask = 2147483647;
			files = (
			);
			runOnlyForDeploymentPostprocessing = 0;
		};
		F1E3F298212560C600205749 /* Frameworks */ = {
			isa = PBXFrameworksBuildPhase;
			buildActionMask = 2147483647;
			files = (
			);
			runOnlyForDeploymentPostprocessing = 0;
		};
		F1E3F2A3212560C600205749 /* Frameworks */ = {
			isa = PBXFrameworksBuildPhase;
			buildActionMask = 2147483647;
			files = (
			);
			runOnlyForDeploymentPostprocessing = 0;
		};
/* End PBXFrameworksBuildPhase section */

/* Begin PBXGroup section */
		F17B60A721AE35A9008E4CF3 /* Toos */ = {
			isa = PBXGroup;
			children = (
				F17B60A821AE35A9008E4CF3 /* Tools */,
				F17B60B821AE35A9008E4CF3 /* Category */,
				F17B60C421AE35A9008E4CF3 /* WXZImportHeader.h */,
			);
			path = Toos;
			sourceTree = "<group>";
		};
		F17B60A821AE35A9008E4CF3 /* Tools */ = {
			isa = PBXGroup;
			children = (
				F17B60A921AE35A9008E4CF3 /* WXZDeviceInfoManager.m */,
				F17B60AA21AE35A9008E4CF3 /* WXZToolsHeader.h */,
				F17B60AB21AE35A9008E4CF3 /* WXZCheck.m */,
				F17B60AC21AE35A9008E4CF3 /* WXZSingle.h */,
				F17B60AD21AE35A9008E4CF3 /* WXZGCD.m */,
				F17B60AE21AE35A9008E4CF3 /* WXZTimer.m */,
				F17B60AF21AE35A9008E4CF3 /* WXZOtherDefine.h */,
				F17B60B021AE35A9008E4CF3 /* WXZUtil.m */,
				F17B60B121AE35A9008E4CF3 /* WXZDeviceInfoManager.h */,
				F17B60B221AE35A9008E4CF3 /* WXZProperty.h */,
				F17B60B321AE35A9008E4CF3 /* WXZMessyDefine.h */,
				F17B60B421AE35A9008E4CF3 /* WXZCheck.h */,
				F17B60B521AE35A9008E4CF3 /* WXZUtil.h */,
				F17B60B621AE35A9008E4CF3 /* WXZTimer.h */,
				F17B60B721AE35A9008E4CF3 /* WXZGCD.h */,
			);
			path = Tools;
			sourceTree = "<group>";
		};
		F17B60B821AE35A9008E4CF3 /* Category */ = {
			isa = PBXGroup;
			children = (
				F17B60B921AE35A9008E4CF3 /* NSArray+Exts.h */,
				F17B60BA21AE35A9008E4CF3 /* NSDictionary+Exts.h */,
				F17B60BB21AE35A9008E4CF3 /* UIView+Exts.m */,
				F17B60BC21AE35A9008E4CF3 /* WXZCategoryHeader.h */,
				F17B60BD21AE35A9008E4CF3 /* WXZUIAlertController+Blocks.h */,
				F17B60BE21AE35A9008E4CF3 /* NSString+Exts.m */,
				F17B60BF21AE35A9008E4CF3 /* NSArray+Exts.m */,
				F17B60C021AE35A9008E4CF3 /* UIView+Exts.h */,
				F17B60C121AE35A9008E4CF3 /* NSDictionary+Exts.m */,
				F17B60C221AE35A9008E4CF3 /* NSString+Exts.h */,
				F17B60C321AE35A9008E4CF3 /* WXZUIAlertController+Blocks.m */,
			);
			path = Category;
			sourceTree = "<group>";
		};
		F1E3F27A212560C500205749 = {
			isa = PBXGroup;
			children = (
				F1E3F285212560C500205749 /* BaseProject */,
				F1E3F284212560C500205749 /* Products */,
			);
			sourceTree = "<group>";
		};
		F1E3F284212560C500205749 /* Products */ = {
			isa = PBXGroup;
			children = (
				F1E3F283212560C500205749 /* BaseProject.app */,
				F1E3F29B212560C600205749 /* BaseProjectTests.xctest */,
				F1E3F2A6212560C600205749 /* BaseProjectUITests.xctest */,
			);
			name = Products;
			sourceTree = "<group>";
		};
		F1E3F285212560C500205749 /* BaseProject */ = {
			isa = PBXGroup;
			children = (
				F17B60A721AE35A9008E4CF3 /* Toos */,
			);
			path = BaseProject;
			sourceTree = "<group>";
		};
/* End PBXGroup section */

/* Begin PBXNativeTarget section */
		F1E3F282212560C500205749 /* BaseProject */ = {
			isa = PBXNativeTarget;
			buildConfigurationList = F1E3F2AF212560C600205749 /* Build configuration list for PBXNativeTarget "BaseProject" */;
			buildPhases = (
				F1E3F27F212560C500205749 /* Sources */,
				F1E3F280212560C500205749 /* Frameworks */,
				F1E3F281212560C500205749 /* Resources */,
			);
			buildRules = (
			);
			dependencies = (
			);
			name = BaseProject;
			productName = BaseProject;
			productReference = F1E3F283212560C500205749 /* BaseProject.app */;
			productType = "com.apple.product-type.application";
		};
		F1E3F29A212560C600205749 /* BaseProjectTests */ = {
			isa = PBXNativeTarget;
			buildConfigurationList = F1E3F2B2212560C600205749 /* Build configuration list for PBXNativeTarget "BaseProjectTests" */;
			buildPhases = (
				F1E3F297212560C600205749 /* Sources */,
				F1E3F298212560C600205749 /* Frameworks */,
				F1E3F299212560C600205749 /* Resources */,
			);
			buildRules = (
			);
			dependencies = (
				F1E3F29D212560C600205749 /* PBXTargetDependency */,
			);
			name = BaseProjectTests;
			productName = BaseProjectTests;
			productReference = F1E3F29B212560C600205749 /* BaseProjectTests.xctest */;
			productType = "com.apple.product-type.bundle.unit-test";
		};
		F1E3F2A5212560C600205749 /* BaseProjectUITests */ = {
			isa = PBXNativeTarget;
			buildConfigurationList = F1E3F2B5212560C600205749 /* Build configuration list for PBXNativeTarget "BaseProjectUITests" */;
			buildPhases = (
				F1E3F2A2212560C600205749 /* Sources */,
				F1E3F2A3212560C600205749 /* Frameworks */,
				F1E3F2A4212560C600205749 /* Resources */,
			);
			buildRules = (
			);
			dependencies = (
				F1E3F2A8212560C600205749 /* PBXTargetDependency */,
			);
			name = BaseProjectUITests;
			productName = BaseProjectUITests;
			productReference = F1E3F2A6212560C600205749 /* BaseProjectUITests.xctest */;
			productType = "com.apple.product-type.bundle.ui-testing";
		};
/* End PBXNativeTarget section */

/* Begin PBXProject section */
		F1E3F27B212560C500205749 /* Project object */ = {
			isa = PBXProject;
			attributes = {
				LastUpgradeCheck = 0940;
				ORGANIZATIONNAME = "王向召";
				TargetAttributes = {
					F1E3F282212560C500205749 = {
						CreatedOnToolsVersion = 9.4;
					};
					F1E3F29A212560C600205749 = {
						CreatedOnToolsVersion = 9.4;
						TestTargetID = F1E3F282212560C500205749;
					};
					F1E3F2A5212560C600205749 = {
						CreatedOnToolsVersion = 9.4;
						TestTargetID = F1E3F282212560C500205749;
					};
				};
			};
			buildConfigurationList = F1E3F27E212560C500205749 /* Build configuration list for PBXProject "BaseProject" */;
			compatibilityVersion = "Xcode 9.3";
			developmentRegion = en;
			hasScannedForEncodings = 0;
			knownRegions = (
				en,
				Base,
			);
			mainGroup = F1E3F27A212560C500205749;
			productRefGroup = F1E3F284212560C500205749 /* Products */;
			projectDirPath = "";
			projectRoot = "";
			targets = (
				F1E3F282212560C500205749 /* BaseProject */,
				F1E3F29A212560C600205749 /* BaseProjectTests */,
				F1E3F2A5212560C600205749 /* BaseProjectUITests */,
			);
		};
/* End PBXProject section */

/* Begin PBXResourcesBuildPhase section */
		F1E3F281212560C500205749 /* Resources */ = {
			isa = PBXResourcesBuildPhase;
			buildActionMask = 2147483647;
			files = (
			);
			runOnlyForDeploymentPostprocessing = 0;
		};
		F1E3F299212560C600205749 /* Resources */ = {
			isa = PBXResourcesBuildPhase;
			buildActionMask = 2147483647;
			files = (
			);
			runOnlyForDeploymentPostprocessing = 0;
		};
		F1E3F2A4212560C600205749 /* Resources */ = {
			isa = PBXResourcesBuildPhase;
			buildActionMask = 2147483647;
			files = (
			);
			runOnlyForDeploymentPostprocessing = 0;
		};
/* End PBXResourcesBuildPhase section */

/* Begin PBXSourcesBuildPhase section */
		F1E3F27F212560C500205749 /* Sources */ = {
			isa = PBXSourcesBuildPhase;
			buildActionMask = 2147483647;
			files = (
				F17B60CA21AE35A9008E4CF3 /* UIView+Exts.m in Sources */,
				F17B60C621AE35A9008E4CF3 /* WXZCheck.m in Sources */,
				F17B60C521AE35A9008E4CF3 /* WXZDeviceInfoManager.m in Sources */,
				F17B60C921AE35A9008E4CF3 /* WXZUtil.m in Sources */,
				F17B60CE21AE35A9008E4CF3 /* WXZUIAlertController+Blocks.m in Sources */,
				F17B60CC21AE35A9008E4CF3 /* NSArray+Exts.m in Sources */,
				F17B60C721AE35A9008E4CF3 /* WXZGCD.m in Sources */,
				F17B60CD21AE35A9008E4CF3 /* NSDictionary+Exts.m in Sources */,
				F17B60C821AE35A9008E4CF3 /* WXZTimer.m in Sources */,
				F17B60CB21AE35A9008E4CF3 /* NSString+Exts.m in Sources */,
			);
			runOnlyForDeploymentPostprocessing = 0;
		};
		F1E3F297212560C600205749 /* Sources */ = {
			isa = PBXSourcesBuildPhase;
			buildActionMask = 2147483647;
			files = (
			);
			runOnlyForDeploymentPostprocessing = 0;
		};
		F1E3F2A2212560C600205749 /* Sources */ = {
			isa = PBXSourcesBuildPhase;
			buildActionMask = 2147483647;
			files = (
			);
			runOnlyForDeploymentPostprocessing = 0;
		};
/* End PBXSourcesBuildPhase section */

/* Begin PBXTargetDependency section */
		F1E3F29D212560C600205749 /* PBXTargetDependency */ = {
			isa = PBXTargetDependency;
			target = F1E3F282212560C500205749 /* BaseProject */;
			targetProxy = F1E3F29C212560C600205749 /* PBXContainerItemProxy */;
		};
		F1E3F2A8212560C600205749 /* PBXTargetDependency */ = {
			isa = PBXTargetDependency;
			target = F1E3F282212560C500205749 /* BaseProject */;
			targetProxy = F1E3F2A7212560C600205749 /* PBXContainerItemProxy */;
		};
/* End PBXTargetDependency section */

/* Begin XCBuildConfiguration section */
		F1E3F2AD212560C600205749 /* Debug */ = {
			isa = XCBuildConfiguration;
			buildSettings = {
				ALWAYS_SEARCH_USER_PATHS = NO;
				CLANG_ANALYZER_NONNULL = YES;
				CLANG_ANALYZER_NUMBER_OBJECT_CONVERSION = YES_AGGRESSIVE;
				CLANG_CXX_LANGUAGE_STANDARD = "gnu++14";
				CLANG_CXX_LIBRARY = "libc++";
				CLANG_ENABLE_MODULES = YES;
				CLANG_ENABLE_OBJC_ARC = YES;
				CLANG_ENABLE_OBJC_WEAK = YES;
				CLANG_WARN_BLOCK_CAPTURE_AUTORELEASING = YES;
				CLANG_WARN_BOOL_CONVERSION = YES;
				CLANG_WARN_COMMA = YES;
				CLANG_WARN_CONSTANT_CONVERSION = YES;
				CLANG_WARN_DEPRECATED_OBJC_IMPLEMENTATIONS = YES;
				CLANG_WARN_DIRECT_OBJC_ISA_USAGE = YES_ERROR;
				CLANG_WARN_DOCUMENTATION_COMMENTS = YES;
				CLANG_WARN_EMPTY_BODY = YES;
				CLANG_WARN_ENUM_CONVERSION = YES;
				CLANG_WARN_INFINITE_RECURSION = YES;
				CLANG_WARN_INT_CONVERSION = YES;
				CLANG_WARN_NON_LITERAL_NULL_CONVERSION = YES;
				CLANG_WARN_OBJC_IMPLICIT_RETAIN_SELF = YES;
				CLANG_WARN_OBJC_LITERAL_CONVERSION = YES;
				CLANG_WARN_OBJC_ROOT_CLASS = YES_ERROR;
				CLANG_WARN_RANGE_LOOP_ANALYSIS = YES;
				CLANG_WARN_STRICT_PROTOTYPES = YES;
				CLANG_WARN_SUSPICIOUS_MOVE = YES;
				CLANG_WARN_UNGUARDED_AVAILABILITY = YES_AGGRESSIVE;
				CLANG_WARN_UNREACHABLE_CODE = YES;
				CLANG_WARN__DUPLICATE_METHOD_MATCH = YES;
				CODE_SIGN_IDENTITY = "iPhone Developer";
				COPY_PHASE_STRIP = NO;
				DEBUG_INFORMATION_FORMAT = dwarf;
				ENABLE_STRICT_OBJC_MSGSEND = YES;
				ENABLE_TESTABILITY = YES;
				GCC_C_LANGUAGE_STANDARD = gnu11;
				GCC_DYNAMIC_NO_PIC = NO;
				GCC_NO_COMMON_BLOCKS = YES;
				GCC_OPTIMIZATION_LEVEL = 0;
				GCC_PREPROCESSOR_DEFINITIONS = (
					"DEBUG=1",
					"$(inherited)",
				);
				GCC_WARN_64_TO_32_BIT_CONVERSION = YES;
				GCC_WARN_ABOUT_RETURN_TYPE = YES_ERROR;
				GCC_WARN_UNDECLARED_SELECTOR = YES;
				GCC_WARN_UNINITIALIZED_AUTOS = YES_AGGRESSIVE;
				GCC_WARN_UNUSED_FUNCTION = YES;
				GCC_WARN_UNUSED_VARIABLE = YES;
				IPHONEOS_DEPLOYMENT_TARGET = 11.4;
				MTL_ENABLE_DEBUG_INFO = YES;
				ONLY_ACTIVE_ARCH = YES;
				SDKROOT = iphoneos;
			};
			name = Debug;
		};
		F1E3F2AE212560C600205749 /* Release */ = {
			isa = XCBuildConfiguration;
			buildSettings = {
				ALWAYS_SEARCH_USER_PATHS = NO;
				CLANG_ANALYZER_NONNULL = YES;
				CLANG_ANALYZER_NUMBER_OBJECT_CONVERSION = YES_AGGRESSIVE;
				CLANG_CXX_LANGUAGE_STANDARD = "gnu++14";
				CLANG_CXX_LIBRARY = "libc++";
				CLANG_ENABLE_MODULES = YES;
				CLANG_ENABLE_OBJC_ARC = YES;
				CLANG_ENABLE_OBJC_WEAK = YES;
				CLANG_WARN_BLOCK_CAPTURE_AUTORELEASING = YES;
				CLANG_WARN_BOOL_CONVERSION = YES;
				CLANG_WARN_COMMA = YES;
				CLANG_WARN_CONSTANT_CONVERSION = YES;
				CLANG_WARN_DEPRECATED_OBJC_IMPLEMENTATIONS = YES;
				CLANG_WARN_DIRECT_OBJC_ISA_USAGE = YES_ERROR;
				CLANG_WARN_DOCUMENTATION_COMMENTS = YES;
				CLANG_WARN_EMPTY_BODY = YES;
				CLANG_WARN_ENUM_CONVERSION = YES;
				CLANG_WARN_INFINITE_RECURSION = YES;
				CLANG_WARN_INT_CONVERSION = YES;
				CLANG_WARN_NON_LITERAL_NULL_CONVERSION = YES;
				CLANG_WARN_OBJC_IMPLICIT_RETAIN_SELF = YES;
				CLANG_WARN_OBJC_LITERAL_CONVERSION = YES;
				CLANG_WARN_OBJC_ROOT_CLASS = YES_ERROR;
				CLANG_WARN_RANGE_LOOP_ANALYSIS = YES;
				CLANG_WARN_STRICT_PROTOTYPES = YES;
				CLANG_WARN_SUSPICIOUS_MOVE = YES;
				CLANG_WARN_UNGUARDED_AVAILABILITY = YES_AGGRESSIVE;
				CLANG_WARN_UNREACHABLE_CODE = YES;
				CLANG_WARN__DUPLICATE_METHOD_MATCH = YES;
				CODE_SIGN_IDENTITY = "iPhone Developer";
				COPY_PHASE_STRIP = NO;
				DEBUG_INFORMATION_FORMAT = "dwarf-with-dsym";
				ENABLE_NS_ASSERTIONS = NO;
				ENABLE_STRICT_OBJC_MSGSEND = YES;
				GCC_C_LANGUAGE_STANDARD = gnu11;
				GCC_NO_COMMON_BLOCKS = YES;
				GCC_WARN_64_TO_32_BIT_CONVERSION = YES;
				GCC_WARN_ABOUT_RETURN_TYPE = YES_ERROR;
				GCC_WARN_UNDECLARED_SELECTOR = YES;
				GCC_WARN_UNINITIALIZED_AUTOS = YES_AGGRESSIVE;
				GCC_WARN_UNUSED_FUNCTION = YES;
				GCC_WARN_UNUSED_VARIABLE = YES;
				IPHONEOS_DEPLOYMENT_TARGET = 11.4;
				MTL_ENABLE_DEBUG_INFO = NO;
				SDKROOT = iphoneos;
				VALIDATE_PRODUCT = YES;
			};
			name = Release;
		};
		F1E3F2B0212560C600205749 /* Debug */ = {
			isa = XCBuildConfiguration;
			buildSettings = {
				ASSETCATALOG_COMPILER_APPICON_NAME = AppIcon;
				CODE_SIGN_STYLE = Automatic;
				INFOPLIST_FILE = BaseProject/Info.plist;
				LD_RUNPATH_SEARCH_PATHS = (
					"$(inherited)",
					"@executable_path/Frameworks",
				);
				PRODUCT_BUNDLE_IDENTIFIER = com.jxzc.BaseProject;
				PRODUCT_NAME = "$(TARGET_NAME)";
				TARGETED_DEVICE_FAMILY = "1,2";
			};
			name = Debug;
		};
		F1E3F2B1212560C600205749 /* Release */ = {
			isa = XCBuildConfiguration;
			buildSettings = {
				ASSETCATALOG_COMPILER_APPICON_NAME = AppIcon;
				CODE_SIGN_STYLE = Automatic;
				INFOPLIST_FILE = BaseProject/Info.plist;
				LD_RUNPATH_SEARCH_PATHS = (
					"$(inherited)",
					"@executable_path/Frameworks",
				);
				PRODUCT_BUNDLE_IDENTIFIER = com.jxzc.BaseProject;
				PRODUCT_NAME = "$(TARGET_NAME)";
				TARGETED_DEVICE_FAMILY = "1,2";
			};
			name = Release;
		};
		F1E3F2B3212560C600205749 /* Debug */ = {
			isa = XCBuildConfiguration;
			buildSettings = {
				BUNDLE_LOADER = "$(TEST_HOST)";
				CODE_SIGN_STYLE = Automatic;
				INFOPLIST_FILE = BaseProjectTests/Info.plist;
				LD_RUNPATH_SEARCH_PATHS = (
					"$(inherited)",
					"@executable_path/Frameworks",
					"@loader_path/Frameworks",
				);
				PRODUCT_BUNDLE_IDENTIFIER = com.jxzc.BaseProjectTests;
				PRODUCT_NAME = "$(TARGET_NAME)";
				TARGETED_DEVICE_FAMILY = "1,2";
				TEST_HOST = "$(BUILT_PRODUCTS_DIR)/BaseProject.app/BaseProject";
			};
			name = Debug;
		};
		F1E3F2B4212560C600205749 /* Release */ = {
			isa = XCBuildConfiguration;
			buildSettings = {
				BUNDLE_LOADER = "$(TEST_HOST)";
				CODE_SIGN_STYLE = Automatic;
				INFOPLIST_FILE = BaseProjectTests/Info.plist;
				LD_RUNPATH_SEARCH_PATHS = (
					"$(inherited)",
					"@executable_path/Frameworks",
					"@loader_path/Frameworks",
				);
				PRODUCT_BUNDLE_IDENTIFIER = com.jxzc.BaseProjectTests;
				PRODUCT_NAME = "$(TARGET_NAME)";
				TARGETED_DEVICE_FAMILY = "1,2";
				TEST_HOST = "$(BUILT_PRODUCTS_DIR)/BaseProject.app/BaseProject";
			};
			name = Release;
		};
		F1E3F2B6212560C600205749 /* Debug */ = {
			isa = XCBuildConfiguration;
			buildSettings = {
				CODE_SIGN_STYLE = Automatic;
				INFOPLIST_FILE = BaseProjectUITests/Info.plist;
				LD_RUNPATH_SEARCH_PATHS = (
					"$(inherited)",
					"@executable_path/Frameworks",
					"@loader_path/Frameworks",
				);
				PRODUCT_BUNDLE_IDENTIFIER = com.jxzc.BaseProjectUITests;
				PRODUCT_NAME = "$(TARGET_NAME)";
				TARGETED_DEVICE_FAMILY = "1,2";
				TEST_TARGET_NAME = BaseProject;
			};
			name = Debug;
		};
		F1E3F2B7212560C600205749 /* Release */ = {
			isa = XCBuildConfiguration;
			buildSettings = {
				CODE_SIGN_STYLE = Automatic;
				INFOPLIST_FILE = BaseProjectUITests/Info.plist;
				LD_RUNPATH_SEARCH_PATHS = (
					"$(inherited)",
					"@executable_path/Frameworks",
					"@loader_path/Frameworks",
				);
				PRODUCT_BUNDLE_IDENTIFIER = com.jxzc.BaseProjectUITests;
				PRODUCT_NAME = "$(TARGET_NAME)";
				TARGETED_DEVICE_FAMILY = "1,2";
				TEST_TARGET_NAME = BaseProject;
			};
			name = Release;
		};
/* End XCBuildConfiguration section */

/* Begin XCConfigurationList section */
		F1E3F27E212560C500205749 /* Build configuration list for PBXProject "BaseProject" */ = {
			isa = XCConfigurationList;
			buildConfigurations = (
				F1E3F2AD212560C600205749 /* Debug */,
				F1E3F2AE212560C600205749 /* Release */,
			);
			defaultConfigurationIsVisible = 0;
			defaultConfigurationName = Release;
		};
		F1E3F2AF212560C600205749 /* Build configuration list for PBXNativeTarget "BaseProject" */ = {
			isa = XCConfigurationList;
			buildConfigurations = (
				F1E3F2B0212560C600205749 /* Debug */,
				F1E3F2B1212560C600205749 /* Release */,
			);
			defaultConfigurationIsVisible = 0;
			defaultConfigurationName = Release;
		};
		F1E3F2B2212560C600205749 /* Build configuration list for PBXNativeTarget "BaseProjectTests" */ = {
			isa = XCConfigurationList;
			buildConfigurations = (
				F1E3F2B3212560C600205749 /* Debug */,
				F1E3F2B4212560C600205749 /* Release */,
			);
			defaultConfigurationIsVisible = 0;
			defaultConfigurationName = Release;
		};
		F1E3F2B5212560C600205749 /* Build configuration list for PBXNativeTarget "BaseProjectUITests" */ = {
			isa = XCConfigurationList;
			buildConfigurations = (
				F1E3F2B6212560C600205749 /* Debug */,
				F1E3F2B7212560C600205749 /* Release */,
			);
			defaultConfigurationIsVisible = 0;
			defaultConfigurationName = Release;
		};
/* End XCConfigurationList section */
	};
	rootObject = F1E3F27B212560C500205749 /* Project object */;
}
